# This file is automatically @generated by Cargo.
# It is not intended for manual editing.
[[package]]
name = "fallible-iterator"
version = "0.1.6"
source = "registry+https://github.com/rust-lang/crates.io-index"

[[package]]
name = "getopts"
version = "0.2.18"
source = "registry+https://github.com/rust-lang/crates.io-index"
dependencies = [
 "unicode-width 0.1.5 (registry+https://github.com/rust-lang/crates.io-index)",
]

[[package]]
name = "pdb"
version = "0.5.0"
dependencies = [
 "fallible-iterator 0.1.6 (registry+https://github.com/rust-lang/crates.io-index)",
 "getopts 0.2.18 (registry+https://github.com/rust-lang/crates.io-index)",
 "scroll 0.9.2 (registry+https://github.com/rust-lang/crates.io-index)",
 "uuid 0.7.2 (registry+https://github.com/rust-lang/crates.io-index)",
]

[[package]]
name = "proc-macro2"
version = "0.4.27"
source = "registry+https://github.com/rust-lang/crates.io-index"
dependencies = [
 "unicode-xid 0.1.0 (registry+https://github.com/rust-lang/crates.io-index)",
]

[[package]]
name = "quote"
version = "0.6.11"
source = "registry+https://github.com/rust-lang/crates.io-index"
dependencies = [
 "proc-macro2 0.4.27 (registry+https://github.com/rust-lang/crates.io-index)",
]

[[package]]
name = "rustc_version"
version = "0.2.3"
source = "registry+https://github.com/rust-lang/crates.io-index"
dependencies = [
 "semver 0.9.0 (registry+https://github.com/rust-lang/crates.io-index)",
]

[[package]]
name = "scroll"
version = "0.9.2"
source = "registry+https://github.com/rust-lang/crates.io-index"
dependencies = [
 "rustc_version 0.2.3 (registry+https://github.com/rust-lang/crates.io-index)",
 "scroll_derive 0.9.5 (registry+https://github.com/rust-lang/crates.io-index)",
]

[[package]]
name = "scroll_derive"
version = "0.9.5"
source = "registry+https://github.com/rust-lang/crates.io-index"
dependencies = [
 "proc-macro2 0.4.27 (registry+https://github.com/rust-lang/crates.io-index)",
 "quote 0.6.11 (registry+https://github.com/rust-lang/crates.io-index)",
 "syn 0.15.27 (registry+https://github.com/rust-lang/crates.io-index)",
]

[[package]]
name = "semver"
version = "0.9.0"
source = "registry+https://github.com/rust-lang/crates.io-index"
dependencies = [
 "semver-parser 0.7.0 (registry+https://github.com/rust-lang/crates.io-index)",
]

[[package]]
name = "semver-parser"
version = "0.7.0"
source = "registry+https://github.com/rust-lang/crates.io-index"

[[package]]
name = "syn"
version = "0.15.27"
source = "registry+https://github.com/rust-lang/crates.io-index"
dependencies = [
 "proc-macro2 0.4.27 (registry+https://github.com/rust-lang/crates.io-index)",
 "quote 0.6.11 (registry+https://github.com/rust-lang/crates.io-index)",
 "unicode-xid 0.1.0 (registry+https://github.com/rust-lang/crates.io-index)",
]

[[package]]
name = "unicode-width"
version = "0.1.5"
source = "registry+https://github.com/rust-lang/crates.io-index"

[[package]]
name = "unicode-xid"
version = "0.1.0"
source = "registry+https://github.com/rust-lang/crates.io-index"

[[package]]
name = "uuid"
version = "0.7.2"
source = "registry+https://github.com/rust-lang/crates.io-index"

[metadata]
"checksum fallible-iterator 0.1.6 (registry+https://github.com/rust-lang/crates.io-index)" = "eb7217124812dc5672b7476d0c2d20cfe9f7c0f1ba0904b674a9762a0212f72e"
"checksum getopts 0.2.18 (registry+https://github.com/rust-lang/crates.io-index)" = "0a7292d30132fb5424b354f5dc02512a86e4c516fe544bb7a25e7f266951b797"
"checksum proc-macro2 0.4.27 (registry+https://github.com/rust-lang/crates.io-index)" = "4d317f9caece796be1980837fd5cb3dfec5613ebdb04ad0956deea83ce168915"
"checksum quote 0.6.11 (registry+https://github.com/rust-lang/crates.io-index)" = "cdd8e04bd9c52e0342b406469d494fcb033be4bdbe5c606016defbb1681411e1"
"checksum rustc_version 0.2.3 (registry+https://github.com/rust-lang/crates.io-index)" = "138e3e0acb6c9fb258b19b67cb8abd63c00679d2851805ea151465464fe9030a"
"checksum scroll 0.9.2 (registry+https://github.com/rust-lang/crates.io-index)" = "2f84d114ef17fd144153d608fba7c446b0145d038985e7a8cc5d08bb0ce20383"
"checksum scroll_derive 0.9.5 (registry+https://github.com/rust-lang/crates.io-index)" = "8f1aa96c45e7f5a91cb7fabe7b279f02fea7126239fc40b732316e8b6a2d0fcb"
"checksum semver 0.9.0 (registry+https://github.com/rust-lang/crates.io-index)" = "1d7eb9ef2c18661902cc47e535f9bc51b78acd254da71d375c2f6720d9a40403"
"checksum semver-parser 0.7.0 (registry+https://github.com/rust-lang/crates.io-index)" = "388a1df253eca08550bef6c72392cfe7c30914bf41df5269b68cbd6ff8f570a3"
"checksum syn 0.15.27 (registry+https://github.com/rust-lang/crates.io-index)" = "525bd55255f03c816e5d7f615587bd13030c7103354fadb104993dcee6a788ec"
"checksum unicode-width 0.1.5 (registry+https://github.com/rust-lang/crates.io-index)" = "882386231c45df4700b275c7ff55b6f3698780a650026380e72dabe76fa46526"
"checksum unicode-xid 0.1.0 (registry+https://github.com/rust-lang/crates.io-index)" = "fc72304796d0818e357ead4e000d19c9c174ab23dc11093ac919054d20a6a7fc"
"checksum uuid 0.7.2 (registry+https://github.com/rust-lang/crates.io-index)" = "0238db0c5b605dd1cf51de0f21766f97fba2645897024461d6a00c036819a768"
